
Microsoft Visual Studio Solution File, Format Version 12.00
Project("{FAE04EC0-301F-11D3-BF4B-00C04F79EFBC}") = "Stellarity", "Stellarity\Stellarity.csproj", "{B20D2C63-32CE-4198-B3E4-7F2591169586}"
EndProject
Global
	GlobalSection(SolutionConfigurationPlatforms) = preSolution
		Debug|Any CPU = Debug|Any CPU
		Release|Any CPU = Release|Any CPU
	EndGlobalSection
	GlobalSection(ProjectConfigurationPlatforms) = postSolution
		{B20D2C63-32CE-4198-B3E4-7F2591169586}.Debug|Any CPU.ActiveCfg = Debug|Any CPU
		{B20D2C63-32CE-4198-B3E4-7F2591169586}.Debug|Any CPU.Build.0 = Debug|Any CPU
		{B20D2C63-32CE-4198-B3E4-7F2591169586}.Release|Any CPU.ActiveCfg = Release|Any CPU
		{B20D2C63-32CE-4198-B3E4-7F2591169586}.Release|Any CPU.Build.0 = Release|Any CPU
	EndGlobalSection
EndGlobal
